github.com/harukasan/go-libwebp v0.0.0-20190703060927-68562c9c99af h1:WmgySY+bcDEGQ42RmkJhL5cPbnWi3nFpAyRuRxoofDY=
github.com/harukasan/go-libwebp v0.0.0-20190703060927-68562c9c99af/go.mod h1:ldE44ycRKJi6dVHIWnbUlEJqHQUhK5gJ4TKIfAwFbCg=
golang.org/x/image v0.0.0-20180708004352-c73c2afc3b81 h1:00VmoueYNlNz/aHIilyyQz/MHSqGoWJzpFv/HW8xpzI=
golang.org/x/image v0.0.0-20180708004352-c73c2afc3b81/go.mod h1:ux5Hcp/YLpHSI86hEcLt0YII63i6oz57MZXIpbrjZUs=
